<?xml version="1.0" encoding="utf-8"?>
<Project ToolsVersion="4.0" xmlns="http://schemas.microsoft.com/developer/msbuild/2003">
  <ItemGroup>
    <Filter Include="源文件">
      <UniqueIdentifier>{4FC737F1-C7A5-4376-A066-2A32D752A2FF}</UniqueIdentifier>
      <Extensions>cpp;c;cc;cxx;def;odl;idl;hpj;bat;asm;asmx</Extensions>
    </Filter>
    <Filter Include="头文件">
      <UniqueIdentifier>{93995380-89BD-4b04-88EB-625FBE52EBFB}</UniqueIdentifier>
      <Extensions>h;hh;hpp;hxx;hm;inl;inc;xsd</Extensions>
    </Filter>
    <Filter Include="资源文件">
      <UniqueIdentifier>{67DA6AB6-F800-4c08-8B7A-83BB121AAD01}</UniqueIdentifier>
      <Extensions>rc;ico;cur;bmp;dlg;rc2;rct;bin;rgs;gif;jpg;jpeg;jpe;resx;tiff;tif;png;wav;mfcribbon-ms</Extensions>
    </Filter>
  </ItemGroup>
  <ItemGroup>
    <ClCompile Include="1.1数组-删除排序数组中的重复项.cpp">
      <Filter>源文件</Filter>
    </ClCompile>
    <ClCompile Include="1.3数组-旋转数组.cpp">
      <Filter>源文件</Filter>
    </ClCompile>
    <ClCompile Include="1.2数组-买卖股票的最佳时机2.cpp">
      <Filter>源文件</Filter>
    </ClCompile>
    <ClCompile Include="1.4数组-存在重复元素.cpp">
      <Filter>源文件</Filter>
    </ClCompile>
    <ClCompile Include="1.5数组-只出现一次的数字.cpp">
      <Filter>源文件</Filter>
    </ClCompile>
    <ClCompile Include="1.7数组-加1.cpp">
      <Filter>源文件</Filter>
    </ClCompile>
    <ClCompile Include="1.9数组-两数之和.cpp">
      <Filter>源文件</Filter>
    </ClCompile>
    <ClCompile Include="1.10数组-有效的数独.cpp">
      <Filter>源文件</Filter>
    </ClCompile>
    <ClCompile Include="2.3字符串-字符串中的第一个唯一字符.cpp">
      <Filter>源文件</Filter>
    </ClCompile>
    <ClCompile Include="2.5字符串-验证回文字符.cpp">
      <Filter>源文件</Filter>
    </ClCompile>
    <ClCompile Include="2.6字符串转整数.cpp">
      <Filter>源文件</Filter>
    </ClCompile>
    <ClCompile Include="2-7实现strStr.cpp">
      <Filter>源文件</Filter>
    </ClCompile>
  </ItemGroup>
  <ItemGroup>
    <ClInclude Include="leetcode.h">
      <Filter>头文件</Filter>
    </ClInclude>
  </ItemGroup>
</Project>